// !$*UTF8*$!
{
	archiveVersion = 1;
	classes = {
	};
	objectVersion = 48;
	objects = {

/* Begin PBXBuildFile section */
		FB0ED96E2027A48600E342BE /* AppDelegate.swift in Sources */ = {isa = PBXBuildFile; fileRef = FB0ED96D2027A48600E342BE /* AppDelegate.swift */; };
		FB0ED9702027A48600E342BE /* ViewController.swift in Sources */ = {isa = PBXBuildFile; fileRef = FB0ED96F2027A48600E342BE /* ViewController.swift */; };
		FB0ED9732027A48600E342BE /* Main.storyboard in Resources */ = {isa = PBXBuildFile; fileRef = FB0ED9712027A48600E342BE /* Main.storyboard */; };
		FB0ED9752027A48600E342BE /* Assets.xcassets in Resources */ = {isa = PBXBuildFile; fileRef = FB0ED9742027A48600E342BE /* Assets.xcassets */; };
		FB0ED9782027A48600E342BE /* LaunchScreen.storyboard in Resources */ = {isa = PBXBuildFile; fileRef = FB0ED9762027A48600E342BE /* LaunchScreen.storyboard */; };
		FB0ED9802027ACD900E342BE /* DetailVC.swift in Sources */ = {isa = PBXBuildFile; fileRef = FB0ED97F2027ACD900E342BE /* DetailVC.swift */; };
/* End PBXBuildFile section */

/* Begin PBXFileReference section */
		FB0ED96A2027A48600E342BE /* favoriteplace.app */ = {isa = PBXFileReference; explicitFileType = wrapper.application; includeInIndex = 0; path = favoriteplace.app; sourceTree = BUILT_PRODUCTS_DIR; };
		FB0ED96D2027A48600E342BE /* AppDelegate.swift */ = {isa = PBXFileReference; lastKnownFileType = sourcecode.swift; path = AppDelegate.swift; sourceTree = "<group>"; };
		FB0ED96F2027A48600E342BE /* ViewController.swift */ = {isa = PBXFileReference; lastKnownFileType = sourcecode.swift; path = ViewController.swift; sourceTree = "<group>"; };
		FB0ED9722027A48600E342BE /* Base */ = {isa = PBXFileReference; lastKnownFileType = file.storyboard; name = Base; path = Base.lproj/Main.storyboard; sourceTree = "<group>"; };
		FB0ED9742027A48600E342BE /* Assets.xcassets */ = {isa = PBXFileReference; lastKnownFileType = folder.assetcatalog; path = Assets.xcassets; sourceTree = "<group>"; };
		FB0ED9772027A48600E342BE /* Base */ = {isa = PBXFileReference; lastKnownFileType = file.storyboard; name = Base; path = Base.lproj/LaunchScreen.storyboard; sourceTree = "<group>"; };
		FB0ED9792027A48600E342BE /* Info.plist */ = {isa = PBXFileReference; lastKnownFileType = text.plist.xml; path = Info.plist; sourceTree = "<group>"; };
		FB0ED97F2027ACD900E342BE /* DetailVC.swift */ = {isa = PBXFileReference; lastKnownFileType = sourcecode.swift; path = DetailVC.swift; sourceTree = "<group>"; };
/* End PBXFileReference section */

/* Begin PBXFrameworksBuildPhase section */
		FB0ED9672027A48600E342BE /* Frameworks */ = {
			isa = PBXFrameworksBuildPhase;
			buildActionMask = 2147483647;
			files = (
			);
			runOnlyForDeploymentPostprocessing = 0;
		};
/* End PBXFrameworksBuildPhase section */

/* Begin PBXGroup section */
		FB0ED9612027A48600E342BE = {
			isa = PBXGroup;
			children = (
				FB0ED96C2027A48600E342BE /* favoriteplace */,
				FB0ED96B2027A48600E342BE /* Products */,
			);
			sourceTree = "<group>";
		};
		FB0ED96B2027A48600E342BE /* Products */ = {
			isa = PBXGroup;
			children = (
				FB0ED96A2027A48600E342BE /* favoriteplace.app */,
			);
			name = Products;
			sourceTree = "<group>";
		};
		FB0ED96C2027A48600E342BE /* favoriteplace */ = {
			isa = PBXGroup;
			children = (
				FB0ED96D2027A48600E342BE /* AppDelegate.swift */,
				FB0ED96F2027A48600E342BE /* ViewController.swift */,
				FB0ED9712027A48600E342BE /* Main.storyboard */,
				FB0ED9742027A48600E342BE /* Assets.xcassets */,
				FB0ED9762027A48600E342BE /* LaunchScreen.storyboard */,
				FB0ED9792027A48600E342BE /* Info.plist */,
				FB0ED97F2027ACD900E342BE /* DetailVC.swift */,
			);
			path = favoriteplace;
			sourceTree = "<group>";
		};
/* End PBXGroup section */

/* Begin PBXNativeTarget section */
		FB0ED9692027A48600E342BE /* favoriteplace */ = {
			isa = PBXNativeTarget;
			buildConfigurationList = FB0ED97C2027A48600E342BE /* Build configuration list for PBXNativeTarget "favoriteplace" */;
			buildPhases = (
				FB0ED9662027A48600E342BE /* Sources */,
				FB0ED9672027A48600E342BE /* Frameworks */,
				FB0ED9682027A48600E342BE /* Resources */,
			);
			buildRules = (
			);
			dependencies = (
			);
			name = favoriteplace;
			productName = favoriteplace;
			productReference = FB0ED96A2027A48600E342BE /* favoriteplace.app */;
			productType = "com.apple.product-type.application";
		};
/* End PBXNativeTarget section */

/* Begin PBXProject section */
		FB0ED9622027A48600E342BE /* Project object */ = {
			isa = PBXProject;
			attributes = {
				LastSwiftUpdateCheck = 0920;
				LastUpgradeCheck = 0920;
				ORGANIZATIONNAME = "Victor Chu";
				TargetAttributes = {
					FB0ED9692027A48600E342BE = {
						CreatedOnToolsVersion = 9.2;
						ProvisioningStyle = Automatic;
					};
				};
			};
			buildConfigurationList = FB0ED9652027A48600E342BE /* Build configuration list for PBXProject "favoriteplace" */;
			compatibilityVersion = "Xcode 8.0";
			developmentRegion = en;
			hasScannedForEncodings = 0;
			knownRegions = (
				en,
				Base,
			);
			mainGroup = FB0ED9612027A48600E342BE;
			productRefGroup = FB0ED96B2027A48600E342BE /* Products */;
			projectDirPath = "";
			projectRoot = "";
			targets = (
				FB0ED9692027A48600E342BE /* favoriteplace */,
			);
		};
/* End PBXProject section */

/* Begin PBXResourcesBuildPhase section */
		FB0ED9682027A48600E342BE /* Resources */ = {
			isa = PBXResourcesBuildPhase;
			buildActionMask = 2147483647;
			files = (
				FB0ED9782027A48600E342BE /* LaunchScreen.storyboard in Resources */,
				FB0ED9752027A48600E342BE /* Assets.xcassets in Resources */,
				FB0ED9732027A48600E342BE /* Main.storyboard in Resources */,
			);
			runOnlyForDeploymentPostprocessing = 0;
		};
/* End PBXResourcesBuildPhase section */

/* Begin PBXSourcesBuildPhase section */
		FB0ED9662027A48600E342BE /* Sources */ = {
			isa = PBXSourcesBuildPhase;
			buildActionMask = 2147483647;
			files = (
				FB0ED9702027A48600E342BE /* ViewController.swift in Sources */,
				FB0ED96E2027A48600E342BE /* AppDelegate.swift in Sources */,
				FB0ED9802027ACD900E342BE /* DetailVC.swift in Sources */,
			);
			runOnlyForDeploymentPostprocessing = 0;
		};
/* End PBXSourcesBuildPhase section */

/* Begin PBXVariantGroup section */
		FB0ED9712027A48600E342BE /* Main.storyboard */ = {
			isa = PBXVariantGroup;
			children = (
				FB0ED9722027A48600E342BE /* Base */,
			);
			name = Main.storyboard;
			sourceTree = "<group>";
		};
		FB0ED9762027A48600E342BE /* LaunchScreen.storyboard */ = {
			isa = PBXVariantGroup;
			children = (
				FB0ED9772027A48600E342BE /* Base */,
			);
			name = LaunchScreen.storyboard;
			sourceTree = "<group>";
		};
/* End PBXVariantGroup section */

/* Begin XCBuildConfiguration section */
		FB0ED97A2027A48600E342BE /* Debug */ = {
			isa = XCBuildConfiguration;
			buildSettings = {
				ALWAYS_SEARCH_USER_PATHS = NO;
				CLANG_ANALYZER_NONNULL = YES;
				CLANG_ANALYZER_NUMBER_OBJECT_CONVERSION = YES_AGGRESSIVE;
				CLANG_CXX_LANGUAGE_STANDARD = "gnu++14";
				CLANG_CXX_LIBRARY = "libc++";
				CLANG_ENABLE_MODULES = YES;
				CLANG_ENABLE_OBJC_ARC = YES;
				CLANG_WARN_BLOCK_CAPTURE_AUTORELEASING = YES;
				CLANG_WARN_BOOL_CONVERSION = YES;
				CLANG_WARN_COMMA = YES;
				CLANG_WARN_CONSTANT_CONVERSION = YES;
				CLANG_WARN_DIRECT_OBJC_ISA_USAGE = YES_ERROR;
				CLANG_WARN_DOCUMENTATION_COMMENTS = YES;
				CLANG_WARN_EMPTY_BODY = YES;
				CLANG_WARN_ENUM_CONVERSION = YES;
				CLANG_WARN_INFINITE_RECURSION = YES;
				CLANG_WARN_INT_CONVERSION = YES;
				CLANG_WARN_NON_LITERAL_NULL_CONVERSION = YES;
				CLANG_WARN_OBJC_LITERAL_CONVERSION = YES;
				CLANG_WARN_OBJC_ROOT_CLASS = YES_ERROR;
				CLANG_WARN_RANGE_LOOP_ANALYSIS = YES;
				CLANG_WARN_STRICT_PROTOTYPES = YES;
				CLANG_WARN_SUSPICIOUS_MOVE = YES;
				CLANG_WARN_UNGUARDED_AVAILABILITY = YES_AGGRESSIVE;
				CLANG_WARN_UNREACHABLE_CODE = YES;
				CLANG_WARN__DUPLICATE_METHOD_MATCH = YES;
				CODE_SIGN_IDENTITY = "iPhone Developer";
				COPY_PHASE_STRIP = NO;
				DEBUG_INFORMATION_FORMAT = dwarf;
				ENABLE_STRICT_OBJC_MSGSEND = YES;
				ENABLE_TESTABILITY = YES;
				GCC_C_LANGUAGE_STANDARD = gnu11;
				GCC_DYNAMIC_NO_PIC = NO;
				GCC_NO_COMMON_BLOCKS = YES;
				GCC_OPTIMIZATION_LEVEL = 0;
				GCC_PREPROCESSOR_DEFINITIONS = (
					"DEBUG=1",
					"$(inherited)",
				);
				GCC_WARN_64_TO_32_BIT_CONVERSION = YES;
				GCC_WARN_ABOUT_RETURN_TYPE = YES_ERROR;
				GCC_WARN_UNDECLARED_SELECTOR = YES;
				GCC_WARN_UNINITIALIZED_AUTOS = YES_AGGRESSIVE;
				GCC_WARN_UNUSED_FUNCTION = YES;
				GCC_WARN_UNUSED_VARIABLE = YES;
				IPHONEOS_DEPLOYMENT_TARGET = 11.2;
				MTL_ENABLE_DEBUG_INFO = YES;
				ONLY_ACTIVE_ARCH = YES;
				SDKROOT = iphoneos;
				SWIFT_ACTIVE_COMPILATION_CONDITIONS = DEBUG;
				SWIFT_OPTIMIZATION_LEVEL = "-Onone";
			};
			name = Debug;
		};
		FB0ED97B2027A48600E342BE /* Release */ = {
			isa = XCBuildConfiguration;
			buildSettings = {
				ALWAYS_SEARCH_USER_PATHS = NO;
				CLANG_ANALYZER_NONNULL = YES;
				CLANG_ANALYZER_NUMBER_OBJECT_CONVERSION = YES_AGGRESSIVE;
				CLANG_CXX_LANGUAGE_STANDARD = "gnu++14";
				CLANG_CXX_LIBRARY = "libc++";
				CLANG_ENABLE_MODULES = YES;
				CLANG_ENABLE_OBJC_ARC = YES;
				CLANG_WARN_BLOCK_CAPTURE_AUTORELEASING = YES;
				CLANG_WARN_BOOL_CONVERSION = YES;
				CLANG_WARN_COMMA = YES;
				CLANG_WARN_CONSTANT_CONVERSION = YES;
				CLANG_WARN_DIRECT_OBJC_ISA_USAGE = YES_ERROR;
				CLANG_WARN_DOCUMENTATION_COMMENTS = YES;
				CLANG_WARN_EMPTY_BODY = YES;
				CLANG_WARN_ENUM_CONVERSION = YES;
				CLANG_WARN_INFINITE_RECURSION = YES;
				CLANG_WARN_INT_CONVERSION = YES;
				CLANG_WARN_NON_LITERAL_NULL_CONVERSION = YES;
				CLANG_WARN_OBJC_LITERAL_CONVERSION = YES;
				CLANG_WARN_OBJC_ROOT_CLASS = YES_ERROR;
				CLANG_WARN_RANGE_LOOP_ANALYSIS = YES;
				CLANG_WARN_STRICT_PROTOTYPES = YES;
				CLANG_WARN_SUSPICIOUS_MOVE = YES;
				CLANG_WARN_UNGUARDED_AVAILABILITY = YES_AGGRESSIVE;
				CLANG_WARN_UNREACHABLE_CODE = YES;
				CLANG_WARN__DUPLICATE_METHOD_MATCH = YES;
				CODE_SIGN_IDENTITY = "iPhone Developer";
				COPY_PHASE_STRIP = NO;
				DEBUG_INFORMATION_FORMAT = "dwarf-with-dsym";
				ENABLE_NS_ASSERTIONS = NO;
				ENABLE_STRICT_OBJC_MSGSEND = YES;
				GCC_C_LANGUAGE_STANDARD = gnu11;
				GCC_NO_COMMON_BLOCKS = YES;
				GCC_WARN_64_TO_32_BIT_CONVERSION = YES;
				GCC_WARN_ABOUT_RETURN_TYPE = YES_ERROR;
				GCC_WARN_UNDECLARED_SELECTOR = YES;
				GCC_WARN_UNINITIALIZED_AUTOS = YES_AGGRESSIVE;
				GCC_WARN_UNUSED_FUNCTION = YES;
				GCC_WARN_UNUSED_VARIABLE = YES;
				IPHONEOS_DEPLOYMENT_TARGET = 11.2;
				MTL_ENABLE_DEBUG_INFO = NO;
				SDKROOT = iphoneos;
				SWIFT_OPTIMIZATION_LEVEL = "-Owholemodule";
				VALIDATE_PRODUCT = YES;
			};
			name = Release;
		};
		FB0ED97D2027A48600E342BE /* Debug */ = {
			isa = XCBuildConfiguration;
			buildSettings = {
				ASSETCATALOG_COMPILER_APPICON_NAME = AppIcon;
				CODE_SIGN_STYLE = Automatic;
				DEVELOPMENT_TEAM = BZ967DRVJD;
				INFOPLIST_FILE = favoriteplace/Info.plist;
				LD_RUNPATH_SEARCH_PATHS = "$(inherited) @executable_path/Frameworks";
				PRODUCT_BUNDLE_IDENTIFIER = com.victorchu.favoriteplace;
				PRODUCT_NAME = "$(TARGET_NAME)";
				SWIFT_VERSION = 4.0;
				TARGETED_DEVICE_FAMILY = "1,2";
			};
			name = Debug;
		};
		FB0ED97E2027A48600E342BE /* Release */ = {
			isa = XCBuildConfiguration;
			buildSettings = {
				ASSETCATALOG_COMPILER_APPICON_NAME = AppIcon;
				CODE_SIGN_STYLE = Automatic;
				DEVELOPMENT_TEAM = BZ967DRVJD;
				INFOPLIST_FILE = favoriteplace/Info.plist;
				LD_RUNPATH_SEARCH_PATHS = "$(inherited) @executable_path/Frameworks";
				PRODUCT_BUNDLE_IDENTIFIER = com.victorchu.favoriteplace;
				PRODUCT_NAME = "$(TARGET_NAME)";
				SWIFT_VERSION = 4.0;
				TARGETED_DEVICE_FAMILY = "1,2";
			};
			name = Release;
		};
/* End XCBuildConfiguration section */

/* Begin XCConfigurationList section */
		FB0ED9652027A48600E342BE /* Build configuration list for PBXProject "favoriteplace" */ = {
			isa = XCConfigurationList;
			buildConfigurations = (
				FB0ED97A2027A48600E342BE /* Debug */,
				FB0ED97B2027A48600E342BE /* Release */,
			);
			defaultConfigurationIsVisible = 0;
			defaultConfigurationName = Release;
		};
		FB0ED97C2027A48600E342BE /* Build configuration list for PBXNativeTarget "favoriteplace" */ = {
			isa = XCConfigurationList;
			buildConfigurations = (
				FB0ED97D2027A48600E342BE /* Debug */,
				FB0ED97E2027A48600E342BE /* Release */,
			);
			defaultConfigurationIsVisible = 0;
			defaultConfigurationName = Release;
		};
/* End XCConfigurationList section */
	};
	rootObject = FB0ED9622027A48600E342BE /* Project object */;
}
